
Microsoft Visual Studio Solution File, Format Version 12.00
# Visual Studio Version 16
VisualStudioVersion = 16.0.30128.74
MinimumVisualStudioVersion = 10.0.40219.1
Project("{FAE04EC0-301F-11D3-BF4B-00C04F79EFBC}") = "CreedCollector.Views", "CreedCollector.Views.csproj", "{C70ED9EA-46A0-48D8-A6A7-21FE4B96FD9F}"
EndProject
Project("{FAE04EC0-301F-11D3-BF4B-00C04F79EFBC}") = "CreedCollector.Models", "..\CreedCollector.Models\CreedCollector.Models.csproj", "{E9499F04-715E-4620-AB01-82DAF3BCD7C3}"
EndProject
Project("{FAE04EC0-301F-11D3-BF4B-00C04F79EFBC}") = "CreedCollector.ViewModels", "..\CreedCollector.ViewModels\CreedCollector.ViewModels.csproj", "{29446D37-903C-4908-A909-B802810BD2F9}"
EndProject
Project("{FAE04EC0-301F-11D3-BF4B-00C04F79EFBC}") = "CreedCollector.Helpers", "..\CreedCollector.Helpers\CreedCollector.Helpers.csproj", "{144CF4C0-DE53-4192-9C73-F9B130884203}"
EndProject
Project("{FAE04EC0-301F-11D3-BF4B-00C04F79EFBC}") = "CreedCollector.Converters", "..\CreedCollector.Converters\CreedCollector.Converters.csproj", "{B8A2A5BE-B1AC-452A-A410-3C4C6B545B4D}"
EndProject
Global
	GlobalSection(SolutionConfigurationPlatforms) = preSolution
		Debug|Any CPU = Debug|Any CPU
		Release|Any CPU = Release|Any CPU
	EndGlobalSection
	GlobalSection(ProjectConfigurationPlatforms) = postSolution
		{C70ED9EA-46A0-48D8-A6A7-21FE4B96FD9F}.Debug|Any CPU.ActiveCfg = Debug|Any CPU
		{C70ED9EA-46A0-48D8-A6A7-21FE4B96FD9F}.Debug|Any CPU.Build.0 = Debug|Any CPU
		{C70ED9EA-46A0-48D8-A6A7-21FE4B96FD9F}.Release|Any CPU.ActiveCfg = Release|Any CPU
		{C70ED9EA-46A0-48D8-A6A7-21FE4B96FD9F}.Release|Any CPU.Build.0 = Release|Any CPU
		{E9499F04-715E-4620-AB01-82DAF3BCD7C3}.Debug|Any CPU.ActiveCfg = Debug|Any CPU
		{E9499F04-715E-4620-AB01-82DAF3BCD7C3}.Debug|Any CPU.Build.0 = Debug|Any CPU
		{E9499F04-715E-4620-AB01-82DAF3BCD7C3}.Release|Any CPU.ActiveCfg = Release|Any CPU
		{E9499F04-715E-4620-AB01-82DAF3BCD7C3}.Release|Any CPU.Build.0 = Release|Any CPU
		{29446D37-903C-4908-A909-B802810BD2F9}.Debug|Any CPU.ActiveCfg = Debug|Any CPU
		{29446D37-903C-4908-A909-B802810BD2F9}.Debug|Any CPU.Build.0 = Debug|Any CPU
		{29446D37-903C-4908-A909-B802810BD2F9}.Release|Any CPU.ActiveCfg = Release|Any CPU
		{29446D37-903C-4908-A909-B802810BD2F9}.Release|Any CPU.Build.0 = Release|Any CPU
		{144CF4C0-DE53-4192-9C73-F9B130884203}.Debug|Any CPU.ActiveCfg = Debug|Any CPU
		{144CF4C0-DE53-4192-9C73-F9B130884203}.Debug|Any CPU.Build.0 = Debug|Any CPU
		{144CF4C0-DE53-4192-9C73-F9B130884203}.Release|Any CPU.ActiveCfg = Release|Any CPU
		{144CF4C0-DE53-4192-9C73-F9B130884203}.Release|Any CPU.Build.0 = Release|Any CPU
		{B8A2A5BE-B1AC-452A-A410-3C4C6B545B4D}.Debug|Any CPU.ActiveCfg = Debug|Any CPU
		{B8A2A5BE-B1AC-452A-A410-3C4C6B545B4D}.Debug|Any CPU.Build.0 = Debug|Any CPU
		{B8A2A5BE-B1AC-452A-A410-3C4C6B545B4D}.Release|Any CPU.ActiveCfg = Release|Any CPU
		{B8A2A5BE-B1AC-452A-A410-3C4C6B545B4D}.Release|Any CPU.Build.0 = Release|Any CPU
	EndGlobalSection
	GlobalSection(SolutionProperties) = preSolution
		HideSolutionNode = FALSE
	EndGlobalSection
	GlobalSection(ExtensibilityGlobals) = postSolution
		SolutionGuid = {97F04047-49EC-42D2-9645-A82B4C7C63AC}
	EndGlobalSection
EndGlobal
